{
  "nodes": {
    "nixpkgs": {
      "locked": {
        "lastModified": 1744098102,
        "narHash": "sha256-tzCdyIJj9AjysC3OuKA+tMD/kDEDAF9mICPDU7ix0JA=",
        "owner": "nixos",
        "repo": "nixpkgs",
        "rev": "c8cd81426f45942bb2906d5ed2fe21d2f19d95b7",
        "type": "github"
      },
      "original": {
        "owner": "nixos",
        "ref": "nixos-unstable",
        "repo": "nixpkgs",
        "type": "github"
      }
    },
    "root": {
      "inputs": {
        "nixpkgs": "nixpkgs",
        "zen-typ": "zen-typ"
      }
    },
    "zen-typ": {
      "locked": {
        "lastModified": 1743636683,
        "narHash": "sha256-fuPxJVbKtXoZY2KdTd1ssdvuhiQdfSzwYv0PRR/jfYo=",
        "owner": "youwen5",
        "repo": "zen.typ",
        "rev": "bcffbc2943eb529b7c8bd3025b551e387a543da0",
        "type": "github"
      },
      "original": {
        "owner": "youwen5",
        "repo": "zen.typ",
        "type": "github"
      }
    }
  },
  "root": "root",
  "version": 7
}
